
Microsoft Visual Studio Solution File, Format Version 12.00
# Visual Studio Version 17
VisualStudioVersion = 17.14.37216.2 d17.14
MinimumVisualStudioVersion = 10.0.40219.1
Project("{FAE04EC0-301F-11D3-BF4B-00C04F79EFBC}") = "project-redcode", "project-redcode.csproj", "{8C0DF1D2-1373-4110-96DE-85B902A4FD06}"
EndProject
Global
	GlobalSection(SolutionConfigurationPlatforms) = preSolution
		Debug|Any CPU = Debug|Any CPU
		Release|Any CPU = Release|Any CPU
	EndGlobalSection
	GlobalSection(ProjectConfigurationPlatforms) = postSolution
		{8C0DF1D2-1373-4110-96DE-85B902A4FD06}.Debug|Any CPU.ActiveCfg = Debug|Any CPU
		{8C0DF1D2-1373-4110-96DE-85B902A4FD06}.Debug|Any CPU.Build.0 = Debug|Any CPU
		{8C0DF1D2-1373-4110-96DE-85B902A4FD06}.Release|Any CPU.ActiveCfg = Release|Any CPU
		{8C0DF1D2-1373-4110-96DE-85B902A4FD06}.Release|Any CPU.Build.0 = Release|Any CPU
	EndGlobalSection
	GlobalSection(SolutionProperties) = preSolution
		HideSolutionNode = FALSE
	EndGlobalSection
	GlobalSection(ExtensibilityGlobals) = postSolution
		SolutionGuid = {D733E14D-4BCE-4AB0-9FC2-5D7370FECE15}
	EndGlobalSection
EndGlobal
